// !$*UTF8*$!
{
	archiveVersion = 1;
	classes = {
	};
	objectVersion = 56;
	objects = {

/* Begin PBXBuildFile section */
		15BD69492C4FE90D003129C7 /* AppDelegate.swift in Sources */ = {isa = PBXBuildFile; fileRef = 15BD69482C4FE90D003129C7 /* AppDelegate.swift */; };
		15BD694B2C4FE90D003129C7 /* SceneDelegate.swift in Sources */ = {isa = PBXBuildFile; fileRef = 15BD694A2C4FE90D003129C7 /* SceneDelegate.swift */; };
		15BD69502C4FE90D003129C7 /* Main.storyboard in Resources */ = {isa = PBXBuildFile; fileRef = 15BD694E2C4FE90D003129C7 /* Main.storyboard */; };
		15BD69522C4FE90E003129C7 /* Assets.xcassets in Resources */ = {isa = PBXBuildFile; fileRef = 15BD69512C4FE90E003129C7 /* Assets.xcassets */; };
		15BD69552C4FE90E003129C7 /* LaunchScreen.storyboard in Resources */ = {isa = PBXBuildFile; fileRef = 15BD69532C4FE90E003129C7 /* LaunchScreen.storyboard */; };
		15BD69632C4FFAEB003129C7 /* SnapKit in Frameworks */ = {isa = PBXBuildFile; productRef = 15BD69622C4FFAEB003129C7 /* SnapKit */; };
		15BD69652C4FFB0F003129C7 /* LoadViewController.swift in Sources */ = {isa = PBXBuildFile; fileRef = 15BD69642C4FFB0F003129C7 /* LoadViewController.swift */; };
		15BD69682C500B76003129C7 /* OnbUserOneViewController.swift in Sources */ = {isa = PBXBuildFile; fileRef = 15BD69672C500B76003129C7 /* OnbUserOneViewController.swift */; };
		15BD696B2C501699003129C7 /* TabBarViewController.swift in Sources */ = {isa = PBXBuildFile; fileRef = 15BD696A2C501699003129C7 /* TabBarViewController.swift */; };
		15BD696E2C501774003129C7 /* BalanceViewController.swift in Sources */ = {isa = PBXBuildFile; fileRef = 15BD696D2C501774003129C7 /* BalanceViewController.swift */; };
		15BD69702C524C79003129C7 /* ValuteViewController.swift in Sources */ = {isa = PBXBuildFile; fileRef = 15BD696F2C524C79003129C7 /* ValuteViewController.swift */; };
		15BD69732C563448003129C7 /* CalcViewController.swift in Sources */ = {isa = PBXBuildFile; fileRef = 15BD69722C563448003129C7 /* CalcViewController.swift */; };
		15BD69762C578CFA003129C7 /* SettingsViewController.swift in Sources */ = {isa = PBXBuildFile; fileRef = 15BD69752C578CFA003129C7 /* SettingsViewController.swift */; };
/* End PBXBuildFile section */

/* Begin PBXFileReference section */
		15BD69452C4FE90D003129C7 /* Altair Beakon.app */ = {isa = PBXFileReference; explicitFileType = wrapper.application; includeInIndex = 0; path = "Altair Beakon.app"; sourceTree = BUILT_PRODUCTS_DIR; };
		15BD69482C4FE90D003129C7 /* AppDelegate.swift */ = {isa = PBXFileReference; lastKnownFileType = sourcecode.swift; path = AppDelegate.swift; sourceTree = "<group>"; };
		15BD694A2C4FE90D003129C7 /* SceneDelegate.swift */ = {isa = PBXFileReference; lastKnownFileType = sourcecode.swift; path = SceneDelegate.swift; sourceTree = "<group>"; };
		15BD694F2C4FE90D003129C7 /* Base */ = {isa = PBXFileReference; lastKnownFileType = file.storyboard; name = Base; path = Base.lproj/Main.storyboard; sourceTree = "<group>"; };
		15BD69512C4FE90E003129C7 /* Assets.xcassets */ = {isa = PBXFileReference; lastKnownFileType = folder.assetcatalog; path = Assets.xcassets; sourceTree = "<group>"; };
		15BD69542C4FE90E003129C7 /* Base */ = {isa = PBXFileReference; lastKnownFileType = file.storyboard; name = Base; path = Base.lproj/LaunchScreen.storyboard; sourceTree = "<group>"; };
		15BD69562C4FE90E003129C7 /* Info.plist */ = {isa = PBXFileReference; lastKnownFileType = text.plist.xml; path = Info.plist; sourceTree = "<group>"; };
		15BD69642C4FFB0F003129C7 /* LoadViewController.swift */ = {isa = PBXFileReference; lastKnownFileType = sourcecode.swift; path = LoadViewController.swift; sourceTree = "<group>"; };
		15BD69672C500B76003129C7 /* OnbUserOneViewController.swift */ = {isa = PBXFileReference; lastKnownFileType = sourcecode.swift; path = OnbUserOneViewController.swift; sourceTree = "<group>"; };
		15BD696A2C501699003129C7 /* TabBarViewController.swift */ = {isa = PBXFileReference; lastKnownFileType = sourcecode.swift; path = TabBarViewController.swift; sourceTree = "<group>"; };
		15BD696D2C501774003129C7 /* BalanceViewController.swift */ = {isa = PBXFileReference; lastKnownFileType = sourcecode.swift; path = BalanceViewController.swift; sourceTree = "<group>"; };
		15BD696F2C524C79003129C7 /* ValuteViewController.swift */ = {isa = PBXFileReference; lastKnownFileType = sourcecode.swift; path = ValuteViewController.swift; sourceTree = "<group>"; };
		15BD69722C563448003129C7 /* CalcViewController.swift */ = {isa = PBXFileReference; lastKnownFileType = sourcecode.swift; path = CalcViewController.swift; sourceTree = "<group>"; };
		15BD69752C578CFA003129C7 /* SettingsViewController.swift */ = {isa = PBXFileReference; lastKnownFileType = sourcecode.swift; path = SettingsViewController.swift; sourceTree = "<group>"; };
/* End PBXFileReference section */

/* Begin PBXFrameworksBuildPhase section */
		15BD69422C4FE90D003129C7 /* Frameworks */ = {
			isa = PBXFrameworksBuildPhase;
			buildActionMask = 2147483647;
			files = (
				15BD69632C4FFAEB003129C7 /* SnapKit in Frameworks */,
			);
			runOnlyForDeploymentPostprocessing = 0;
		};
/* End PBXFrameworksBuildPhase section */

/* Begin PBXGroup section */
		15BD693C2C4FE90D003129C7 = {
			isa = PBXGroup;
			children = (
				15BD69472C4FE90D003129C7 /* Altair Beakon */,
				15BD69462C4FE90D003129C7 /* Products */,
				15BD69602C4FED26003129C7 /* Frameworks */,
			);
			sourceTree = "<group>";
		};
		15BD69462C4FE90D003129C7 /* Products */ = {
			isa = PBXGroup;
			children = (
				15BD69452C4FE90D003129C7 /* Altair Beakon.app */,
			);
			name = Products;
			sourceTree = "<group>";
		};
		15BD69472C4FE90D003129C7 /* Altair Beakon */ = {
			isa = PBXGroup;
			children = (
				15BD69742C578CEB003129C7 /* Settings */,
				15BD69712C563438003129C7 /* Calc */,
				15BD696C2C50175B003129C7 /* Balance */,
				15BD69692C501685003129C7 /* TabBar */,
				15BD69662C500B3E003129C7 /* OnbUser */,
				15BD695F2C4FEB04003129C7 /* Loading  */,
				15BD695D2C4FEA8E003129C7 /* Support  */,
				15BD69562C4FE90E003129C7 /* Info.plist */,
			);
			path = "Altair Beakon";
			sourceTree = "<group>";
		};
		15BD695D2C4FEA8E003129C7 /* Support  */ = {
			isa = PBXGroup;
			children = (
				15BD694E2C4FE90D003129C7 /* Main.storyboard */,
				15BD69532C4FE90E003129C7 /* LaunchScreen.storyboard */,
				15BD69512C4FE90E003129C7 /* Assets.xcassets */,
			);
			path = "Support ";
			sourceTree = "<group>";
		};
		15BD695F2C4FEB04003129C7 /* Loading  */ = {
			isa = PBXGroup;
			children = (
				15BD69482C4FE90D003129C7 /* AppDelegate.swift */,
				15BD694A2C4FE90D003129C7 /* SceneDelegate.swift */,
				15BD69642C4FFB0F003129C7 /* LoadViewController.swift */,
			);
			path = "Loading ";
			sourceTree = "<group>";
		};
		15BD69602C4FED26003129C7 /* Frameworks */ = {
			isa = PBXGroup;
			children = (
			);
			name = Frameworks;
			sourceTree = "<group>";
		};
		15BD69662C500B3E003129C7 /* OnbUser */ = {
			isa = PBXGroup;
			children = (
				15BD69672C500B76003129C7 /* OnbUserOneViewController.swift */,
			);
			path = OnbUser;
			sourceTree = "<group>";
		};
		15BD69692C501685003129C7 /* TabBar */ = {
			isa = PBXGroup;
			children = (
				15BD696A2C501699003129C7 /* TabBarViewController.swift */,
			);
			path = TabBar;
			sourceTree = "<group>";
		};
		15BD696C2C50175B003129C7 /* Balance */ = {
			isa = PBXGroup;
			children = (
				15BD696D2C501774003129C7 /* BalanceViewController.swift */,
				15BD696F2C524C79003129C7 /* ValuteViewController.swift */,
			);
			path = Balance;
			sourceTree = "<group>";
		};
		15BD69712C563438003129C7 /* Calc */ = {
			isa = PBXGroup;
			children = (
				15BD69722C563448003129C7 /* CalcViewController.swift */,
			);
			path = Calc;
			sourceTree = "<group>";
		};
		15BD69742C578CEB003129C7 /* Settings */ = {
			isa = PBXGroup;
			children = (
				15BD69752C578CFA003129C7 /* SettingsViewController.swift */,
			);
			path = Settings;
			sourceTree = "<group>";
		};
/* End PBXGroup section */

/* Begin PBXNativeTarget section */
		15BD69442C4FE90D003129C7 /* Altair Beakon */ = {
			isa = PBXNativeTarget;
			buildConfigurationList = 15BD69592C4FE90E003129C7 /* Build configuration list for PBXNativeTarget "Altair Beakon" */;
			buildPhases = (
				15BD69412C4FE90D003129C7 /* Sources */,
				15BD69422C4FE90D003129C7 /* Frameworks */,
				15BD69432C4FE90D003129C7 /* Resources */,
			);
			buildRules = (
			);
			dependencies = (
			);
			name = "Altair Beakon";
			packageProductDependencies = (
				15BD69622C4FFAEB003129C7 /* SnapKit */,
			);
			productName = "Altair Beakon";
			productReference = 15BD69452C4FE90D003129C7 /* Altair Beakon.app */;
			productType = "com.apple.product-type.application";
		};
/* End PBXNativeTarget section */

/* Begin PBXProject section */
		15BD693D2C4FE90D003129C7 /* Project object */ = {
			isa = PBXProject;
			attributes = {
				BuildIndependentTargetsInParallel = 1;
				LastSwiftUpdateCheck = 1520;
				LastUpgradeCheck = 1520;
				TargetAttributes = {
					15BD69442C4FE90D003129C7 = {
						CreatedOnToolsVersion = 15.2;
					};
				};
			};
			buildConfigurationList = 15BD69402C4FE90D003129C7 /* Build configuration list for PBXProject "Altair Beakon" */;
			compatibilityVersion = "Xcode 14.0";
			developmentRegion = en;
			hasScannedForEncodings = 0;
			knownRegions = (
				en,
				Base,
			);
			mainGroup = 15BD693C2C4FE90D003129C7;
			packageReferences = (
				15BD69612C4FFAEB003129C7 /* XCRemoteSwiftPackageReference "SnapKit" */,
			);
			productRefGroup = 15BD69462C4FE90D003129C7 /* Products */;
			projectDirPath = "";
			projectRoot = "";
			targets = (
				15BD69442C4FE90D003129C7 /* Altair Beakon */,
			);
		};
/* End PBXProject section */

/* Begin PBXResourcesBuildPhase section */
		15BD69432C4FE90D003129C7 /* Resources */ = {
			isa = PBXResourcesBuildPhase;
			buildActionMask = 2147483647;
			files = (
				15BD69552C4FE90E003129C7 /* LaunchScreen.storyboard in Resources */,
				15BD69522C4FE90E003129C7 /* Assets.xcassets in Resources */,
				15BD69502C4FE90D003129C7 /* Main.storyboard in Resources */,
			);
			runOnlyForDeploymentPostprocessing = 0;
		};
/* End PBXResourcesBuildPhase section */

/* Begin PBXSourcesBuildPhase section */
		15BD69412C4FE90D003129C7 /* Sources */ = {
			isa = PBXSourcesBuildPhase;
			buildActionMask = 2147483647;
			files = (
				15BD69682C500B76003129C7 /* OnbUserOneViewController.swift in Sources */,
				15BD69702C524C79003129C7 /* ValuteViewController.swift in Sources */,
				15BD69652C4FFB0F003129C7 /* LoadViewController.swift in Sources */,
				15BD69492C4FE90D003129C7 /* AppDelegate.swift in Sources */,
				15BD696E2C501774003129C7 /* BalanceViewController.swift in Sources */,
				15BD69732C563448003129C7 /* CalcViewController.swift in Sources */,
				15BD696B2C501699003129C7 /* TabBarViewController.swift in Sources */,
				15BD694B2C4FE90D003129C7 /* SceneDelegate.swift in Sources */,
				15BD69762C578CFA003129C7 /* SettingsViewController.swift in Sources */,
			);
			runOnlyForDeploymentPostprocessing = 0;
		};
/* End PBXSourcesBuildPhase section */

/* Begin PBXVariantGroup section */
		15BD694E2C4FE90D003129C7 /* Main.storyboard */ = {
			isa = PBXVariantGroup;
			children = (
				15BD694F2C4FE90D003129C7 /* Base */,
			);
			name = Main.storyboard;
			sourceTree = "<group>";
		};
		15BD69532C4FE90E003129C7 /* LaunchScreen.storyboard */ = {
			isa = PBXVariantGroup;
			children = (
				15BD69542C4FE90E003129C7 /* Base */,
			);
			name = LaunchScreen.storyboard;
			sourceTree = "<group>";
		};
/* End PBXVariantGroup section */

/* Begin XCBuildConfiguration section */
		15BD69572C4FE90E003129C7 /* Debug */ = {
			isa = XCBuildConfiguration;
			buildSettings = {
				ALWAYS_SEARCH_USER_PATHS = NO;
				ASSETCATALOG_COMPILER_GENERATE_SWIFT_ASSET_SYMBOL_EXTENSIONS = YES;
				CLANG_ANALYZER_NONNULL = YES;
				CLANG_ANALYZER_NUMBER_OBJECT_CONVERSION = YES_AGGRESSIVE;
				CLANG_CXX_LANGUAGE_STANDARD = "gnu++20";
				CLANG_ENABLE_MODULES = YES;
				CLANG_ENABLE_OBJC_ARC = YES;
				CLANG_ENABLE_OBJC_WEAK = YES;
				CLANG_WARN_BLOCK_CAPTURE_AUTORELEASING = YES;
				CLANG_WARN_BOOL_CONVERSION = YES;
				CLANG_WARN_COMMA = YES;
				CLANG_WARN_CONSTANT_CONVERSION = YES;
				CLANG_WARN_DEPRECATED_OBJC_IMPLEMENTATIONS = YES;
				CLANG_WARN_DIRECT_OBJC_ISA_USAGE = YES_ERROR;
				CLANG_WARN_DOCUMENTATION_COMMENTS = YES;
				CLANG_WARN_EMPTY_BODY = YES;
				CLANG_WARN_ENUM_CONVERSION = YES;
				CLANG_WARN_INFINITE_RECURSION = YES;
				CLANG_WARN_INT_CONVERSION = YES;
				CLANG_WARN_NON_LITERAL_NULL_CONVERSION = YES;
				CLANG_WARN_OBJC_IMPLICIT_RETAIN_SELF = YES;
				CLANG_WARN_OBJC_LITERAL_CONVERSION = YES;
				CLANG_WARN_OBJC_ROOT_CLASS = YES_ERROR;
				CLANG_WARN_QUOTED_INCLUDE_IN_FRAMEWORK_HEADER = YES;
				CLANG_WARN_RANGE_LOOP_ANALYSIS = YES;
				CLANG_WARN_STRICT_PROTOTYPES = YES;
				CLANG_WARN_SUSPICIOUS_MOVE = YES;
				CLANG_WARN_UNGUARDED_AVAILABILITY = YES_AGGRESSIVE;
				CLANG_WARN_UNREACHABLE_CODE = YES;
				CLANG_WARN__DUPLICATE_METHOD_MATCH = YES;
				COPY_PHASE_STRIP = NO;
				DEBUG_INFORMATION_FORMAT = dwarf;
				ENABLE_STRICT_OBJC_MSGSEND = YES;
				ENABLE_TESTABILITY = YES;
				ENABLE_USER_SCRIPT_SANDBOXING = YES;
				GCC_C_LANGUAGE_STANDARD = gnu17;
				GCC_DYNAMIC_NO_PIC = NO;
				GCC_NO_COMMON_BLOCKS = YES;
				GCC_OPTIMIZATION_LEVEL = 0;
				GCC_PREPROCESSOR_DEFINITIONS = (
					"DEBUG=1",
					"$(inherited)",
				);
				GCC_WARN_64_TO_32_BIT_CONVERSION = YES;
				GCC_WARN_ABOUT_RETURN_TYPE = YES_ERROR;
				GCC_WARN_UNDECLARED_SELECTOR = YES;
				GCC_WARN_UNINITIALIZED_AUTOS = YES_AGGRESSIVE;
				GCC_WARN_UNUSED_FUNCTION = YES;
				GCC_WARN_UNUSED_VARIABLE = YES;
				IPHONEOS_DEPLOYMENT_TARGET = 17.2;
				LOCALIZATION_PREFERS_STRING_CATALOGS = YES;
				MTL_ENABLE_DEBUG_INFO = INCLUDE_SOURCE;
				MTL_FAST_MATH = YES;
				ONLY_ACTIVE_ARCH = YES;
				SDKROOT = iphoneos;
				SWIFT_ACTIVE_COMPILATION_CONDITIONS = "DEBUG $(inherited)";
				SWIFT_OPTIMIZATION_LEVEL = "-Onone";
			};
			name = Debug;
		};
		15BD69582C4FE90E003129C7 /* Release */ = {
			isa = XCBuildConfiguration;
			buildSettings = {
				ALWAYS_SEARCH_USER_PATHS = NO;
				ASSETCATALOG_COMPILER_GENERATE_SWIFT_ASSET_SYMBOL_EXTENSIONS = YES;
				CLANG_ANALYZER_NONNULL = YES;
				CLANG_ANALYZER_NUMBER_OBJECT_CONVERSION = YES_AGGRESSIVE;
				CLANG_CXX_LANGUAGE_STANDARD = "gnu++20";
				CLANG_ENABLE_MODULES = YES;
				CLANG_ENABLE_OBJC_ARC = YES;
				CLANG_ENABLE_OBJC_WEAK = YES;
				CLANG_WARN_BLOCK_CAPTURE_AUTORELEASING = YES;
				CLANG_WARN_BOOL_CONVERSION = YES;
				CLANG_WARN_COMMA = YES;
				CLANG_WARN_CONSTANT_CONVERSION = YES;
				CLANG_WARN_DEPRECATED_OBJC_IMPLEMENTATIONS = YES;
				CLANG_WARN_DIRECT_OBJC_ISA_USAGE = YES_ERROR;
				CLANG_WARN_DOCUMENTATION_COMMENTS = YES;
				CLANG_WARN_EMPTY_BODY = YES;
				CLANG_WARN_ENUM_CONVERSION = YES;
				CLANG_WARN_INFINITE_RECURSION = YES;
				CLANG_WARN_INT_CONVERSION = YES;
				CLANG_WARN_NON_LITERAL_NULL_CONVERSION = YES;
				CLANG_WARN_OBJC_IMPLICIT_RETAIN_SELF = YES;
				CLANG_WARN_OBJC_LITERAL_CONVERSION = YES;
				CLANG_WARN_OBJC_ROOT_CLASS = YES_ERROR;
				CLANG_WARN_QUOTED_INCLUDE_IN_FRAMEWORK_HEADER = YES;
				CLANG_WARN_RANGE_LOOP_ANALYSIS = YES;
				CLANG_WARN_STRICT_PROTOTYPES = YES;
				CLANG_WARN_SUSPICIOUS_MOVE = YES;
				CLANG_WARN_UNGUARDED_AVAILABILITY = YES_AGGRESSIVE;
				CLANG_WARN_UNREACHABLE_CODE = YES;
				CLANG_WARN__DUPLICATE_METHOD_MATCH = YES;
				COPY_PHASE_STRIP = NO;
				DEBUG_INFORMATION_FORMAT = "dwarf-with-dsym";
				ENABLE_NS_ASSERTIONS = NO;
				ENABLE_STRICT_OBJC_MSGSEND = YES;
				ENABLE_USER_SCRIPT_SANDBOXING = YES;
				GCC_C_LANGUAGE_STANDARD = gnu17;
				GCC_NO_COMMON_BLOCKS = YES;
				GCC_WARN_64_TO_32_BIT_CONVERSION = YES;
				GCC_WARN_ABOUT_RETURN_TYPE = YES_ERROR;
				GCC_WARN_UNDECLARED_SELECTOR = YES;
				GCC_WARN_UNINITIALIZED_AUTOS = YES_AGGRESSIVE;
				GCC_WARN_UNUSED_FUNCTION = YES;
				GCC_WARN_UNUSED_VARIABLE = YES;
				IPHONEOS_DEPLOYMENT_TARGET = 17.2;
				LOCALIZATION_PREFERS_STRING_CATALOGS = YES;
				MTL_ENABLE_DEBUG_INFO = NO;
				MTL_FAST_MATH = YES;
				SDKROOT = iphoneos;
				SWIFT_COMPILATION_MODE = wholemodule;
				VALIDATE_PRODUCT = YES;
			};
			name = Release;
		};
		15BD695A2C4FE90E003129C7 /* Debug */ = {
			isa = XCBuildConfiguration;
			buildSettings = {
				ASSETCATALOG_COMPILER_APPICON_NAME = AppIcon;
				ASSETCATALOG_COMPILER_GLOBAL_ACCENT_COLOR_NAME = AccentColor;
				CODE_SIGN_STYLE = Automatic;
				CURRENT_PROJECT_VERSION = 1;
				GENERATE_INFOPLIST_FILE = YES;
				INFOPLIST_FILE = "Altair Beakon/Info.plist";
				INFOPLIST_KEY_UIApplicationSupportsIndirectInputEvents = YES;
				INFOPLIST_KEY_UILaunchStoryboardName = LaunchScreen;
				INFOPLIST_KEY_UISupportedInterfaceOrientations_iPad = "UIInterfaceOrientationPortrait UIInterfaceOrientationPortraitUpsideDown UIInterfaceOrientationLandscapeLeft UIInterfaceOrientationLandscapeRight";
				INFOPLIST_KEY_UISupportedInterfaceOrientations_iPhone = "UIInterfaceOrientationPortrait UIInterfaceOrientationLandscapeLeft UIInterfaceOrientationLandscapeRight";
				IPHONEOS_DEPLOYMENT_TARGET = 13.0;
				LD_RUNPATH_SEARCH_PATHS = (
					"$(inherited)",
					"@executable_path/Frameworks",
				);
				MARKETING_VERSION = 1.0;
				PRODUCT_BUNDLE_IDENTIFIER = "k.Altair-Beakon";
				PRODUCT_NAME = "$(TARGET_NAME)";
				SUPPORTED_PLATFORMS = "iphoneos iphonesimulator";
				SUPPORTS_MACCATALYST = NO;
				SUPPORTS_XR_DESIGNED_FOR_IPHONE_IPAD = NO;
				SWIFT_EMIT_LOC_STRINGS = YES;
				SWIFT_VERSION = 5.0;
				TARGETED_DEVICE_FAMILY = "1,2";
			};
			name = Debug;
		};
		15BD695B2C4FE90E003129C7 /* Release */ = {
			isa = XCBuildConfiguration;
			buildSettings = {
				ASSETCATALOG_COMPILER_APPICON_NAME = AppIcon;
				ASSETCATALOG_COMPILER_GLOBAL_ACCENT_COLOR_NAME = AccentColor;
				CODE_SIGN_STYLE = Automatic;
				CURRENT_PROJECT_VERSION = 1;
				GENERATE_INFOPLIST_FILE = YES;
				INFOPLIST_FILE = "Altair Beakon/Info.plist";
				INFOPLIST_KEY_UIApplicationSupportsIndirectInputEvents = YES;
				INFOPLIST_KEY_UILaunchStoryboardName = LaunchScreen;
				INFOPLIST_KEY_UISupportedInterfaceOrientations_iPad = "UIInterfaceOrientationPortrait UIInterfaceOrientationPortraitUpsideDown UIInterfaceOrientationLandscapeLeft UIInterfaceOrientationLandscapeRight";
				INFOPLIST_KEY_UISupportedInterfaceOrientations_iPhone = "UIInterfaceOrientationPortrait UIInterfaceOrientationLandscapeLeft UIInterfaceOrientationLandscapeRight";
				IPHONEOS_DEPLOYMENT_TARGET = 13.0;
				LD_RUNPATH_SEARCH_PATHS = (
					"$(inherited)",
					"@executable_path/Frameworks",
				);
				MARKETING_VERSION = 1.0;
				PRODUCT_BUNDLE_IDENTIFIER = "k.Altair-Beakon";
				PRODUCT_NAME = "$(TARGET_NAME)";
				SUPPORTED_PLATFORMS = "iphoneos iphonesimulator";
				SUPPORTS_MACCATALYST = NO;
				SUPPORTS_XR_DESIGNED_FOR_IPHONE_IPAD = NO;
				SWIFT_EMIT_LOC_STRINGS = YES;
				SWIFT_VERSION = 5.0;
				TARGETED_DEVICE_FAMILY = "1,2";
			};
			name = Release;
		};
/* End XCBuildConfiguration section */

/* Begin XCConfigurationList section */
		15BD69402C4FE90D003129C7 /* Build configuration list for PBXProject "Altair Beakon" */ = {
			isa = XCConfigurationList;
			buildConfigurations = (
				15BD69572C4FE90E003129C7 /* Debug */,
				15BD69582C4FE90E003129C7 /* Release */,
			);
			defaultConfigurationIsVisible = 0;
			defaultConfigurationName = Release;
		};
		15BD69592C4FE90E003129C7 /* Build configuration list for PBXNativeTarget "Altair Beakon" */ = {
			isa = XCConfigurationList;
			buildConfigurations = (
				15BD695A2C4FE90E003129C7 /* Debug */,
				15BD695B2C4FE90E003129C7 /* Release */,
			);
			defaultConfigurationIsVisible = 0;
			defaultConfigurationName = Release;
		};
/* End XCConfigurationList section */

/* Begin XCRemoteSwiftPackageReference section */
		15BD69612C4FFAEB003129C7 /* XCRemoteSwiftPackageReference "SnapKit" */ = {
			isa = XCRemoteSwiftPackageReference;
			repositoryURL = "https://github.com/SnapKit/SnapKit";
			requirement = {
				kind = exactVersion;
				version = 5.7.1;
			};
		};
/* End XCRemoteSwiftPackageReference section */

/* Begin XCSwiftPackageProductDependency section */
		15BD69622C4FFAEB003129C7 /* SnapKit */ = {
			isa = XCSwiftPackageProductDependency;
			package = 15BD69612C4FFAEB003129C7 /* XCRemoteSwiftPackageReference "SnapKit" */;
			productName = SnapKit;
		};
/* End XCSwiftPackageProductDependency section */
	};
	rootObject = 15BD693D2C4FE90D003129C7 /* Project object */;
}
